
Microsoft Visual Studio Solution File, Format Version 12.00
# Visual Studio 2012
Project("{FAE04EC0-301F-11D3-BF4B-00C04F79EFBC}") = "gemuera-c#", "gemuera-c#.csproj", "{3D39E23C-1877-48ED-AB50-05378BA1BE20}"
EndProject
Project("{2150E333-8FDC-42A3-9474-1A3956D46DE8}") = "tests", "tests", "{0AB3BF05-4346-4AA6-1389-037BE0695223}"
EndProject
Project("{FAE04EC0-301F-11D3-BF4B-00C04F79EFBC}") = "GEmuera.Core.Tests", "tests\xUnitTest\GEmuera.Core.Tests\GEmuera.Core.Tests.csproj", "{6B675B00-F677-4281-851E-6187E21580E0}"
EndProject
Project("{FAE04EC0-301F-11D3-BF4B-00C04F79EFBC}") = "EmueraFacade.Tests", "tests\xUnitTest\EmueraFacade.Tests\EmueraFacade.Tests.csproj", "{8F5D2C41-9A6B-4E73-B5C0-2D1E4F6A8B9D}"
EndProject
Project("{2150E333-8FDC-42A3-9474-1A3956D46DE8}") = "src", "src", "{827E0CD3-B72D-47B6-A68D-7590B98EB39B}"
EndProject
Project("{2150E333-8FDC-42A3-9474-1A3956D46DE8}") = "Core", "Core", "{8D626EA8-CB54-BC41-363A-217881BEBA6E}"
EndProject
Project("{FAE04EC0-301F-11D3-BF4B-00C04F79EFBC}") = "GEmuera.Core", "src\Core\GEmuera.Core.csproj", "{A4FE5D70-D483-456D-8785-B02172AFEEAC}"
EndProject
Global
	GlobalSection(SolutionConfigurationPlatforms) = preSolution
		Debug|Any CPU = Debug|Any CPU
		Debug|x64 = Debug|x64
		Debug|x86 = Debug|x86
		ExportDebug|Any CPU = ExportDebug|Any CPU
		ExportDebug|x64 = ExportDebug|x64
		ExportDebug|x86 = ExportDebug|x86
		ExportRelease|Any CPU = ExportRelease|Any CPU
		ExportRelease|x64 = ExportRelease|x64
		ExportRelease|x86 = ExportRelease|x86
		Release|Any CPU = Release|Any CPU
		Release|x64 = Release|x64
		Release|x86 = Release|x86
	EndGlobalSection
	GlobalSection(ProjectConfigurationPlatforms) = postSolution
		{3D39E23C-1877-48ED-AB50-05378BA1BE20}.Debug|Any CPU.ActiveCfg = Debug|Any CPU
		{3D39E23C-1877-48ED-AB50-05378BA1BE20}.Debug|Any CPU.Build.0 = Debug|Any CPU
		{3D39E23C-1877-48ED-AB50-05378BA1BE20}.Debug|x64.ActiveCfg = Debug|Any CPU
		{3D39E23C-1877-48ED-AB50-05378BA1BE20}.Debug|x64.Build.0 = Debug|Any CPU
		{3D39E23C-1877-48ED-AB50-05378BA1BE20}.Debug|x86.ActiveCfg = Debug|Any CPU
		{3D39E23C-1877-48ED-AB50-05378BA1BE20}.Debug|x86.Build.0 = Debug|Any CPU
		{3D39E23C-1877-48ED-AB50-05378BA1BE20}.ExportDebug|Any CPU.ActiveCfg = ExportDebug|Any CPU
		{3D39E23C-1877-48ED-AB50-05378BA1BE20}.ExportDebug|Any CPU.Build.0 = ExportDebug|Any CPU
		{3D39E23C-1877-48ED-AB50-05378BA1BE20}.ExportDebug|x64.ActiveCfg = ExportDebug|Any CPU
		{3D39E23C-1877-48ED-AB50-05378BA1BE20}.ExportDebug|x64.Build.0 = ExportDebug|Any CPU
		{3D39E23C-1877-48ED-AB50-05378BA1BE20}.ExportDebug|x86.ActiveCfg = ExportDebug|Any CPU
		{3D39E23C-1877-48ED-AB50-05378BA1BE20}.ExportDebug|x86.Build.0 = ExportDebug|Any CPU
		{3D39E23C-1877-48ED-AB50-05378BA1BE20}.ExportRelease|Any CPU.ActiveCfg = ExportRelease|Any CPU
		{3D39E23C-1877-48ED-AB50-05378BA1BE20}.ExportRelease|Any CPU.Build.0 = ExportRelease|Any CPU
		{3D39E23C-1877-48ED-AB50-05378BA1BE20}.ExportRelease|x64.ActiveCfg = ExportRelease|Any CPU
		{3D39E23C-1877-48ED-AB50-05378BA1BE20}.ExportRelease|x64.Build.0 = ExportRelease|Any CPU
		{3D39E23C-1877-48ED-AB50-05378BA1BE20}.ExportRelease|x86.ActiveCfg = ExportRelease|Any CPU
		{3D39E23C-1877-48ED-AB50-05378BA1BE20}.ExportRelease|x86.Build.0 = ExportRelease|Any CPU
		{3D39E23C-1877-48ED-AB50-05378BA1BE20}.Release|Any CPU.ActiveCfg = Release|Any CPU
		{3D39E23C-1877-48ED-AB50-05378BA1BE20}.Release|Any CPU.Build.0 = Release|Any CPU
		{3D39E23C-1877-48ED-AB50-05378BA1BE20}.Release|x64.ActiveCfg = Release|Any CPU
		{3D39E23C-1877-48ED-AB50-05378BA1BE20}.Release|x64.Build.0 = Release|Any CPU
		{3D39E23C-1877-48ED-AB50-05378BA1BE20}.Release|x86.ActiveCfg = Release|Any CPU
		{3D39E23C-1877-48ED-AB50-05378BA1BE20}.Release|x86.Build.0 = Release|Any CPU
		{6B675B00-F677-4281-851E-6187E21580E0}.Debug|Any CPU.ActiveCfg = Debug|Any CPU
		{6B675B00-F677-4281-851E-6187E21580E0}.Debug|Any CPU.Build.0 = Debug|Any CPU
		{6B675B00-F677-4281-851E-6187E21580E0}.Debug|x64.ActiveCfg = Debug|Any CPU
		{6B675B00-F677-4281-851E-6187E21580E0}.Debug|x64.Build.0 = Debug|Any CPU
		{6B675B00-F677-4281-851E-6187E21580E0}.Debug|x86.ActiveCfg = Debug|Any CPU
		{6B675B00-F677-4281-851E-6187E21580E0}.Debug|x86.Build.0 = Debug|Any CPU
		{6B675B00-F677-4281-851E-6187E21580E0}.ExportDebug|Any CPU.ActiveCfg = Debug|Any CPU
		{6B675B00-F677-4281-851E-6187E21580E0}.ExportDebug|Any CPU.Build.0 = Debug|Any CPU
		{6B675B00-F677-4281-851E-6187E21580E0}.ExportDebug|x64.ActiveCfg = Debug|Any CPU
		{6B675B00-F677-4281-851E-6187E21580E0}.ExportDebug|x64.Build.0 = Debug|Any CPU
		{6B675B00-F677-4281-851E-6187E21580E0}.ExportDebug|x86.ActiveCfg = Debug|Any CPU
		{6B675B00-F677-4281-851E-6187E21580E0}.ExportDebug|x86.Build.0 = Debug|Any CPU
		{6B675B00-F677-4281-851E-6187E21580E0}.ExportRelease|Any CPU.ActiveCfg = Debug|Any CPU
		{6B675B00-F677-4281-851E-6187E21580E0}.ExportRelease|Any CPU.Build.0 = Debug|Any CPU
		{6B675B00-F677-4281-851E-6187E21580E0}.ExportRelease|x64.ActiveCfg = Debug|Any CPU
		{6B675B00-F677-4281-851E-6187E21580E0}.ExportRelease|x64.Build.0 = Debug|Any CPU
		{6B675B00-F677-4281-851E-6187E21580E0}.ExportRelease|x86.ActiveCfg = Debug|Any CPU
		{6B675B00-F677-4281-851E-6187E21580E0}.ExportRelease|x86.Build.0 = Debug|Any CPU
		{6B675B00-F677-4281-851E-6187E21580E0}.Release|Any CPU.ActiveCfg = Release|Any CPU
		{6B675B00-F677-4281-851E-6187E21580E0}.Release|Any CPU.Build.0 = Release|Any CPU
		{6B675B00-F677-4281-851E-6187E21580E0}.Release|x64.ActiveCfg = Release|Any CPU
		{6B675B00-F677-4281-851E-6187E21580E0}.Release|x64.Build.0 = Release|Any CPU
		{6B675B00-F677-4281-851E-6187E21580E0}.Release|x86.ActiveCfg = Release|Any CPU
		{6B675B00-F677-4281-851E-6187E21580E0}.Release|x86.Build.0 = Release|Any CPU
		{8F5D2C41-9A6B-4E73-B5C0-2D1E4F6A8B9D}.Debug|Any CPU.ActiveCfg = Debug|Any CPU
		{8F5D2C41-9A6B-4E73-B5C0-2D1E4F6A8B9D}.Debug|Any CPU.Build.0 = Debug|Any CPU
		{8F5D2C41-9A6B-4E73-B5C0-2D1E4F6A8B9D}.Debug|x64.ActiveCfg = Debug|Any CPU
		{8F5D2C41-9A6B-4E73-B5C0-2D1E4F6A8B9D}.Debug|x64.Build.0 = Debug|Any CPU
		{8F5D2C41-9A6B-4E73-B5C0-2D1E4F6A8B9D}.Debug|x86.ActiveCfg = Debug|Any CPU
		{8F5D2C41-9A6B-4E73-B5C0-2D1E4F6A8B9D}.Debug|x86.Build.0 = Debug|Any CPU
		{8F5D2C41-9A6B-4E73-B5C0-2D1E4F6A8B9D}.ExportDebug|Any CPU.ActiveCfg = Debug|Any CPU
		{8F5D2C41-9A6B-4E73-B5C0-2D1E4F6A8B9D}.ExportDebug|Any CPU.Build.0 = Debug|Any CPU
		{8F5D2C41-9A6B-4E73-B5C0-2D1E4F6A8B9D}.ExportDebug|x64.ActiveCfg = Debug|Any CPU
		{8F5D2C41-9A6B-4E73-B5C0-2D1E4F6A8B9D}.ExportDebug|x64.Build.0 = Debug|Any CPU
		{8F5D2C41-9A6B-4E73-B5C0-2D1E4F6A8B9D}.ExportDebug|x86.ActiveCfg = Debug|Any CPU
		{8F5D2C41-9A6B-4E73-B5C0-2D1E4F6A8B9D}.ExportDebug|x86.Build.0 = Debug|Any CPU
		{8F5D2C41-9A6B-4E73-B5C0-2D1E4F6A8B9D}.ExportRelease|Any CPU.ActiveCfg = Debug|Any CPU
		{8F5D2C41-9A6B-4E73-B5C0-2D1E4F6A8B9D}.ExportRelease|Any CPU.Build.0 = Debug|Any CPU
		{8F5D2C41-9A6B-4E73-B5C0-2D1E4F6A8B9D}.ExportRelease|x64.ActiveCfg = Debug|Any CPU
		{8F5D2C41-9A6B-4E73-B5C0-2D1E4F6A8B9D}.ExportRelease|x64.Build.0 = Debug|Any CPU
		{8F5D2C41-9A6B-4E73-B5C0-2D1E4F6A8B9D}.ExportRelease|x86.ActiveCfg = Debug|Any CPU
		{8F5D2C41-9A6B-4E73-B5C0-2D1E4F6A8B9D}.ExportRelease|x86.Build.0 = Debug|Any CPU
		{8F5D2C41-9A6B-4E73-B5C0-2D1E4F6A8B9D}.Release|Any CPU.ActiveCfg = Release|Any CPU
		{8F5D2C41-9A6B-4E73-B5C0-2D1E4F6A8B9D}.Release|Any CPU.Build.0 = Release|Any CPU
		{8F5D2C41-9A6B-4E73-B5C0-2D1E4F6A8B9D}.Release|x64.ActiveCfg = Release|Any CPU
		{8F5D2C41-9A6B-4E73-B5C0-2D1E4F6A8B9D}.Release|x64.Build.0 = Release|Any CPU
		{8F5D2C41-9A6B-4E73-B5C0-2D1E4F6A8B9D}.Release|x86.ActiveCfg = Release|Any CPU
		{8F5D2C41-9A6B-4E73-B5C0-2D1E4F6A8B9D}.Release|x86.Build.0 = Release|Any CPU
		{A4FE5D70-D483-456D-8785-B02172AFEEAC}.Debug|Any CPU.ActiveCfg = Debug|Any CPU
		{A4FE5D70-D483-456D-8785-B02172AFEEAC}.Debug|Any CPU.Build.0 = Debug|Any CPU
		{A4FE5D70-D483-456D-8785-B02172AFEEAC}.Debug|x64.ActiveCfg = Debug|Any CPU
		{A4FE5D70-D483-456D-8785-B02172AFEEAC}.Debug|x64.Build.0 = Debug|Any CPU
		{A4FE5D70-D483-456D-8785-B02172AFEEAC}.Debug|x86.ActiveCfg = Debug|Any CPU
		{A4FE5D70-D483-456D-8785-B02172AFEEAC}.Debug|x86.Build.0 = Debug|Any CPU
		{A4FE5D70-D483-456D-8785-B02172AFEEAC}.ExportDebug|Any CPU.ActiveCfg = Debug|Any CPU
		{A4FE5D70-D483-456D-8785-B02172AFEEAC}.ExportDebug|Any CPU.Build.0 = Debug|Any CPU
		{A4FE5D70-D483-456D-8785-B02172AFEEAC}.ExportDebug|x64.ActiveCfg = Debug|Any CPU
		{A4FE5D70-D483-456D-8785-B02172AFEEAC}.ExportDebug|x64.Build.0 = Debug|Any CPU
		{A4FE5D70-D483-456D-8785-B02172AFEEAC}.ExportDebug|x86.ActiveCfg = Debug|Any CPU
		{A4FE5D70-D483-456D-8785-B02172AFEEAC}.ExportDebug|x86.Build.0 = Debug|Any CPU
		{A4FE5D70-D483-456D-8785-B02172AFEEAC}.ExportRelease|Any CPU.ActiveCfg = Debug|Any CPU
		{A4FE5D70-D483-456D-8785-B02172AFEEAC}.ExportRelease|Any CPU.Build.0 = Debug|Any CPU
		{A4FE5D70-D483-456D-8785-B02172AFEEAC}.ExportRelease|x64.ActiveCfg = Debug|Any CPU
		{A4FE5D70-D483-456D-8785-B02172AFEEAC}.ExportRelease|x64.Build.0 = Debug|Any CPU
		{A4FE5D70-D483-456D-8785-B02172AFEEAC}.ExportRelease|x86.ActiveCfg = Debug|Any CPU
		{A4FE5D70-D483-456D-8785-B02172AFEEAC}.ExportRelease|x86.Build.0 = Debug|Any CPU
		{A4FE5D70-D483-456D-8785-B02172AFEEAC}.Release|Any CPU.ActiveCfg = Release|Any CPU
		{A4FE5D70-D483-456D-8785-B02172AFEEAC}.Release|Any CPU.Build.0 = Release|Any CPU
		{A4FE5D70-D483-456D-8785-B02172AFEEAC}.Release|x64.ActiveCfg = Release|Any CPU
		{A4FE5D70-D483-456D-8785-B02172AFEEAC}.Release|x64.Build.0 = Release|Any CPU
		{A4FE5D70-D483-456D-8785-B02172AFEEAC}.Release|x86.ActiveCfg = Release|Any CPU
		{A4FE5D70-D483-456D-8785-B02172AFEEAC}.Release|x86.Build.0 = Release|Any CPU
	EndGlobalSection
	GlobalSection(SolutionProperties) = preSolution
		HideSolutionNode = FALSE
	EndGlobalSection
	GlobalSection(NestedProjects) = preSolution
		{6B675B00-F677-4281-851E-6187E21580E0} = {0AB3BF05-4346-4AA6-1389-037BE0695223}
		{8F5D2C41-9A6B-4E73-B5C0-2D1E4F6A8B9D} = {0AB3BF05-4346-4AA6-1389-037BE0695223}
		{8D626EA8-CB54-BC41-363A-217881BEBA6E} = {827E0CD3-B72D-47B6-A68D-7590B98EB39B}
		{A4FE5D70-D483-456D-8785-B02172AFEEAC} = {8D626EA8-CB54-BC41-363A-217881BEBA6E}
	EndGlobalSection
EndGlobal
